<?xml version="1.0" encoding="utf-8"?>
<Project ToolsVersion="4.0" xmlns="http://schemas.microsoft.com/developer/msbuild/2003">
  <ItemGroup>
    <Filter Include="소스 파일">
      <UniqueIdentifier>{4FC737F1-C7A5-4376-A066-2A32D752A2FF}</UniqueIdentifier>
      <Extensions>cpp;c;cc;cxx;c++;cppm;ixx;def;odl;idl;hpj;bat;asm;asmx</Extensions>
    </Filter>
    <Filter Include="헤더 파일">
      <UniqueIdentifier>{93995380-89BD-4b04-88EB-625FBE52EBFB}</UniqueIdentifier>
      <Extensions>h;hh;hpp;hxx;h++;hm;inl;inc;ipp;xsd</Extensions>
    </Filter>
    <Filter Include="리소스 파일">
      <UniqueIdentifier>{67DA6AB6-F800-4c08-8B7A-83BB121AAD01}</UniqueIdentifier>
      <Extensions>rc;ico;cur;bmp;dlg;rc2;rct;bin;rgs;gif;jpg;jpeg;jpe;resx;tiff;tif;png;wav;mfcribbon-ms</Extensions>
    </Filter>
    <Filter Include="헤더 파일\Shop">
      <UniqueIdentifier>{60774464-58a9-469a-bf62-0ae98cba52a4}</UniqueIdentifier>
    </Filter>
    <Filter Include="헤더 파일\Character">
      <UniqueIdentifier>{39bc62ce-58da-48b9-92d2-fd865a17914d}</UniqueIdentifier>
    </Filter>
    <Filter Include="헤더 파일\Item">
      <UniqueIdentifier>{c58a089e-71a3-443c-b001-2bd266746024}</UniqueIdentifier>
    </Filter>
    <Filter Include="소스 파일\Character">
      <UniqueIdentifier>{aaaac015-b726-4d84-9c60-4d13740fc826}</UniqueIdentifier>
    </Filter>
    <Filter Include="소스 파일\Item">
      <UniqueIdentifier>{83724063-9b08-4dc6-a078-4eb5f2b15005}</UniqueIdentifier>
    </Filter>
    <Filter Include="소스 파일\Shop">
      <UniqueIdentifier>{ddd4f52d-c3b2-4f1a-817b-7fd06cc10ffc}</UniqueIdentifier>
    </Filter>
    <Filter Include="소스 파일\Main">
      <UniqueIdentifier>{ff310930-52ad-4da2-81a3-1ca9b5fbcf90}</UniqueIdentifier>
    </Filter>
  </ItemGroup>
  <ItemGroup>
    <ClCompile Include="Character.cpp">
      <Filter>소스 파일\Character</Filter>
    </ClCompile>
    <ClCompile Include="HpPotion.cpp">
      <Filter>소스 파일\Item</Filter>
    </ClCompile>
    <ClCompile Include="Item.cpp">
      <Filter>소스 파일\Item</Filter>
    </ClCompile>
    <ClCompile Include="MpPotion.cpp">
      <Filter>소스 파일\Item</Filter>
    </ClCompile>
    <ClCompile Include="Shop.cpp">
      <Filter>소스 파일\Shop</Filter>
    </ClCompile>
    <ClCompile Include="Main.cpp">
      <Filter>소스 파일\Main</Filter>
    </ClCompile>
    <ClCompile Include="Wand.cpp">
      <Filter>소스 파일\Item</Filter>
    </ClCompile>
    <ClCompile Include="Equipment.cpp">
      <Filter>소스 파일\Item</Filter>
    </ClCompile>
    <ClCompile Include="SunGlasses.cpp">
      <Filter>소스 파일\Item</Filter>
    </ClCompile>
    <ClCompile Include="LUX.cpp">
      <Filter>소스 파일\Character</Filter>
    </ClCompile>
    <ClCompile Include="Monster.cpp">
      <Filter>소스 파일\Character</Filter>
    </ClCompile>
    <ClCompile Include="Vayne.cpp">
      <Filter>소스 파일\Character</Filter>
    </ClCompile>
    <ClCompile Include="Yasuo.cpp">
      <Filter>소스 파일\Character</Filter>
    </ClCompile>
    <ClCompile Include="Knight.cpp">
      <Filter>소스 파일\Character</Filter>
    </ClCompile>
    <ClCompile Include="Player.cpp">
      <Filter>소스 파일\Character</Filter>
    </ClCompile>
    <ClCompile Include="Wizard.cpp">
      <Filter>소스 파일\Character</Filter>
    </ClCompile>
    <ClCompile Include="TitleScientist.cpp">
      <Filter>소스 파일\Item</Filter>
    </ClCompile>
    <ClCompile Include="MasterYi.cpp">
      <Filter>소스 파일\Character</Filter>
    </ClCompile>
  </ItemGroup>
  <ItemGroup>
    <ClInclude Include="Item.h">
      <Filter>헤더 파일\Item</Filter>
    </ClInclude>
    <ClInclude Include="HpPotion.h">
      <Filter>헤더 파일\Item</Filter>
    </ClInclude>
    <ClInclude Include="MpPotion.h">
      <Filter>헤더 파일\Item</Filter>
    </ClInclude>
    <ClInclude Include="Shop.h">
      <Filter>헤더 파일\Shop</Filter>
    </ClInclude>
    <ClInclude Include="Character.h">
      <Filter>헤더 파일\Character</Filter>
    </ClInclude>
    <ClInclude Include="Wand.h">
      <Filter>헤더 파일\Item</Filter>
    </ClInclude>
    <ClInclude Include="Equipment.h">
      <Filter>헤더 파일\Item</Filter>
    </ClInclude>
    <ClInclude Include="SunGlasses.h">
      <Filter>헤더 파일\Item</Filter>
    </ClInclude>
    <ClInclude Include="LUX.h">
      <Filter>헤더 파일\Character</Filter>
    </ClInclude>
    <ClInclude Include="Monster.h">
      <Filter>헤더 파일\Character</Filter>
    </ClInclude>
    <ClInclude Include="Vayne.h">
      <Filter>헤더 파일\Character</Filter>
    </ClInclude>
    <ClInclude Include="Yasuo.h">
      <Filter>헤더 파일\Character</Filter>
    </ClInclude>
    <ClInclude Include="Knight.h">
      <Filter>헤더 파일\Character</Filter>
    </ClInclude>
    <ClInclude Include="Player.h">
      <Filter>헤더 파일\Character</Filter>
    </ClInclude>
    <ClInclude Include="Wizard.h">
      <Filter>헤더 파일\Character</Filter>
    </ClInclude>
    <ClInclude Include="TitleScientist.h">
      <Filter>헤더 파일\Item</Filter>
    </ClInclude>
    <ClInclude Include="MasterYi.h">
      <Filter>헤더 파일\Character</Filter>
    </ClInclude>
  </ItemGroup>
</Project>